# This file was autogenerated by Stack.
# You should not edit this file by hand.
# For more information, please see the documentation at:
#   https://docs.haskellstack.org/en/stable/lock_files

packages:
- completed:
    hackage: minmax-0.1.1.0@sha256:012e8d799398547b2fef5c3e3619c5b41d21ba61a52745afcc148248061d0c63,1175
    pantry-tree:
      sha256: f66f8efa641a958d89095b342b94d9d56fe31944e96d0a0b05ec6a5ec2dc61f0
      size: 306
  original:
    hackage: minmax-0.1.1.0
- completed:
    hackage: monoid-insertleft-0.1.0.1@sha256:6cd3d72f8f8986d18cd2c533800f0af7b659ecb6407dab827666989dc980d43a,1287
    pantry-tree:
      sha256: 0315172178645badfbb22f6abac38831559203c63193a8fe3ac8a73ccde3390a
      size: 387
  original:
    hackage: monoid-insertleft-0.1.0.1
- completed:
    hackage: uniqueness-periods-vector-stats-0.4.0.0@sha256:da62c6978712327d24a327ad271479fa0a5955df0e24bdcf5956ad46cd8a4c6c,1087
    pantry-tree:
      sha256: faaeb671fc4df73961c8aff2bb031a6a26d9a3538f6cfb1d13d5dae69f7abd78
      size: 285
  original:
    hackage: uniqueness-periods-vector-stats-0.4.0.0
snapshots:
- completed:
    sha256: 5a59b2a405b3aba3c00188453be172b85893cab8ebc352b1ef58b0eae5d248a2
    size: 650475
    url: https://raw.githubusercontent.com/commercialhaskell/stackage-snapshots/master/lts/20/26.yaml
  original: lts-20.26
